
Microsoft Visual Studio Solution File, Format Version 12.00
# Visual Studio Version 17
VisualStudioVersion = 17.5.002.0
MinimumVisualStudioVersion = 10.0.40219.1
Project("{9A19103F-16F7-4668-BE54-9A1E7A4F7556}") = "Aula01", "Aula01\Aula01.csproj", "{5D98E15B-A9D5-454F-942E-948B49F21DC4}"
EndProject
Project("{9A19103F-16F7-4668-BE54-9A1E7A4F7556}") = "Aula02", "Aula02\Aula02.csproj", "{0DE5F172-693A-4309-9309-4BDAB67D3EF0}"
EndProject
Project("{9A19103F-16F7-4668-BE54-9A1E7A4F7556}") = "Aula03", "Aula03\Aula03.csproj", "{0EAEF573-CB92-42C3-B72A-98CE40F2FAEA}"
EndProject
Project("{9A19103F-16F7-4668-BE54-9A1E7A4F7556}") = "Aula04", "Aula04\Aula04.csproj", "{F67C305D-DB2A-4D0B-9C3F-EAAC5DCD7DDD}"
EndProject
Project("{9A19103F-16F7-4668-BE54-9A1E7A4F7556}") = "Aula05", "Aula05\Aula05.csproj", "{AA9639A6-FEB4-4D78-8286-E7C58C1F3FD5}"
EndProject
Project("{9A19103F-16F7-4668-BE54-9A1E7A4F7556}") = "Aula06", "Aula06\Aula06.csproj", "{72377CF5-A939-4C2C-AD2B-68E7A585F913}"
EndProject
Project("{9A19103F-16F7-4668-BE54-9A1E7A4F7556}") = "Aula07", "Aula07\Aula07.csproj", "{D51840A0-3CB6-42AD-B395-A187F06A992C}"
EndProject
Project("{9A19103F-16F7-4668-BE54-9A1E7A4F7556}") = "Aula08", "Aula08\Aula08.csproj", "{3F743E8E-00AC-4AB4-93F0-87AE77EC22B7}"
EndProject
Project("{9A19103F-16F7-4668-BE54-9A1E7A4F7556}") = "Aula09", "Aula09\Aula09.csproj", "{43FDD5B1-AA50-401F-9580-622F63CB5214}"
EndProject
Project("{9A19103F-16F7-4668-BE54-9A1E7A4F7556}") = "Aula098", "Aula098\Aula098.csproj", "{B3380414-5C2E-42EF-B1C1-3C6984D3C9DB}"
EndProject
Project("{9A19103F-16F7-4668-BE54-9A1E7A4F7556}") = "Aula10", "Aula10\Aula10.csproj", "{174256F8-344F-4B3F-8C30-1FE65635F76D}"
EndProject
Project("{9A19103F-16F7-4668-BE54-9A1E7A4F7556}") = "Aula11", "Aula11\Aula11.csproj", "{AEA34791-1B13-4D03-8749-D2548F932699}"
EndProject
Project("{9A19103F-16F7-4668-BE54-9A1E7A4F7556}") = "Aula12", "Aula12\Aula12.csproj", "{B8D38143-D53B-49B3-822C-7D59A5443CA0}"
EndProject
Project("{9A19103F-16F7-4668-BE54-9A1E7A4F7556}") = "Aula13", "Aula13\Aula13.csproj", "{904B4262-3FF2-4CE6-A770-F26BDE8F92AE}"
EndProject
Project("{9A19103F-16F7-4668-BE54-9A1E7A4F7556}") = "Aula14", "Aula14\Aula14.csproj", "{706727DB-A8C2-4D04-920E-9652B2304923}"
EndProject
Project("{9A19103F-16F7-4668-BE54-9A1E7A4F7556}") = "Aula15", "Aula15\Aula15.csproj", "{954A29D5-AC4F-4D68-AF6C-A910D97F1BF8}"
EndProject
Project("{9A19103F-16F7-4668-BE54-9A1E7A4F7556}") = "Aula16", "Aula16\Aula16.csproj", "{B6FEF6D9-1656-4391-94E9-F6275FBCF96C}"
EndProject
Project("{9A19103F-16F7-4668-BE54-9A1E7A4F7556}") = "Aula17", "Aula17\Aula17.csproj", "{8A37518D-5CB7-4E74-B12E-A329008090A3}"
EndProject
Project("{9A19103F-16F7-4668-BE54-9A1E7A4F7556}") = "Aula18", "Aula18\Aula18.csproj", "{C36B3280-96EE-49FE-A944-9540BEFF3119}"
EndProject
Project("{9A19103F-16F7-4668-BE54-9A1E7A4F7556}") = "Aula19", "Aula19\Aula19.csproj", "{A9996291-23A8-472D-B12A-C982966D503C}"
EndProject
Project("{9A19103F-16F7-4668-BE54-9A1E7A4F7556}") = "Aula20", "Aula20\Aula20.csproj", "{49ED98CB-793D-430C-A85A-A71D86911D17}"
EndProject
Global
	GlobalSection(SolutionConfigurationPlatforms) = preSolution
		Debug|Any CPU = Debug|Any CPU
		Release|Any CPU = Release|Any CPU
	EndGlobalSection
	GlobalSection(ProjectConfigurationPlatforms) = postSolution
		{5D98E15B-A9D5-454F-942E-948B49F21DC4}.Debug|Any CPU.ActiveCfg = Debug|Any CPU
		{5D98E15B-A9D5-454F-942E-948B49F21DC4}.Debug|Any CPU.Build.0 = Debug|Any CPU
		{5D98E15B-A9D5-454F-942E-948B49F21DC4}.Release|Any CPU.ActiveCfg = Release|Any CPU
		{5D98E15B-A9D5-454F-942E-948B49F21DC4}.Release|Any CPU.Build.0 = Release|Any CPU
		{0DE5F172-693A-4309-9309-4BDAB67D3EF0}.Debug|Any CPU.ActiveCfg = Debug|Any CPU
		{0DE5F172-693A-4309-9309-4BDAB67D3EF0}.Debug|Any CPU.Build.0 = Debug|Any CPU
		{0DE5F172-693A-4309-9309-4BDAB67D3EF0}.Release|Any CPU.ActiveCfg = Release|Any CPU
		{0DE5F172-693A-4309-9309-4BDAB67D3EF0}.Release|Any CPU.Build.0 = Release|Any CPU
		{0EAEF573-CB92-42C3-B72A-98CE40F2FAEA}.Debug|Any CPU.ActiveCfg = Debug|Any CPU
		{0EAEF573-CB92-42C3-B72A-98CE40F2FAEA}.Debug|Any CPU.Build.0 = Debug|Any CPU
		{0EAEF573-CB92-42C3-B72A-98CE40F2FAEA}.Release|Any CPU.ActiveCfg = Release|Any CPU
		{0EAEF573-CB92-42C3-B72A-98CE40F2FAEA}.Release|Any CPU.Build.0 = Release|Any CPU
		{F67C305D-DB2A-4D0B-9C3F-EAAC5DCD7DDD}.Debug|Any CPU.ActiveCfg = Debug|Any CPU
		{F67C305D-DB2A-4D0B-9C3F-EAAC5DCD7DDD}.Debug|Any CPU.Build.0 = Debug|Any CPU
		{F67C305D-DB2A-4D0B-9C3F-EAAC5DCD7DDD}.Release|Any CPU.ActiveCfg = Release|Any CPU
		{F67C305D-DB2A-4D0B-9C3F-EAAC5DCD7DDD}.Release|Any CPU.Build.0 = Release|Any CPU
		{AA9639A6-FEB4-4D78-8286-E7C58C1F3FD5}.Debug|Any CPU.ActiveCfg = Debug|Any CPU
		{AA9639A6-FEB4-4D78-8286-E7C58C1F3FD5}.Debug|Any CPU.Build.0 = Debug|Any CPU
		{AA9639A6-FEB4-4D78-8286-E7C58C1F3FD5}.Release|Any CPU.ActiveCfg = Release|Any CPU
		{AA9639A6-FEB4-4D78-8286-E7C58C1F3FD5}.Release|Any CPU.Build.0 = Release|Any CPU
		{72377CF5-A939-4C2C-AD2B-68E7A585F913}.Debug|Any CPU.ActiveCfg = Debug|Any CPU
		{72377CF5-A939-4C2C-AD2B-68E7A585F913}.Debug|Any CPU.Build.0 = Debug|Any CPU
		{72377CF5-A939-4C2C-AD2B-68E7A585F913}.Release|Any CPU.ActiveCfg = Release|Any CPU
		{72377CF5-A939-4C2C-AD2B-68E7A585F913}.Release|Any CPU.Build.0 = Release|Any CPU
		{D51840A0-3CB6-42AD-B395-A187F06A992C}.Debug|Any CPU.ActiveCfg = Debug|Any CPU
		{D51840A0-3CB6-42AD-B395-A187F06A992C}.Debug|Any CPU.Build.0 = Debug|Any CPU
		{D51840A0-3CB6-42AD-B395-A187F06A992C}.Release|Any CPU.ActiveCfg = Release|Any CPU
		{D51840A0-3CB6-42AD-B395-A187F06A992C}.Release|Any CPU.Build.0 = Release|Any CPU
		{3F743E8E-00AC-4AB4-93F0-87AE77EC22B7}.Debug|Any CPU.ActiveCfg = Debug|Any CPU
		{3F743E8E-00AC-4AB4-93F0-87AE77EC22B7}.Debug|Any CPU.Build.0 = Debug|Any CPU
		{3F743E8E-00AC-4AB4-93F0-87AE77EC22B7}.Release|Any CPU.ActiveCfg = Release|Any CPU
		{3F743E8E-00AC-4AB4-93F0-87AE77EC22B7}.Release|Any CPU.Build.0 = Release|Any CPU
		{43FDD5B1-AA50-401F-9580-622F63CB5214}.Debug|Any CPU.ActiveCfg = Debug|Any CPU
		{43FDD5B1-AA50-401F-9580-622F63CB5214}.Debug|Any CPU.Build.0 = Debug|Any CPU
		{43FDD5B1-AA50-401F-9580-622F63CB5214}.Release|Any CPU.ActiveCfg = Release|Any CPU
		{43FDD5B1-AA50-401F-9580-622F63CB5214}.Release|Any CPU.Build.0 = Release|Any CPU
		{B3380414-5C2E-42EF-B1C1-3C6984D3C9DB}.Debug|Any CPU.ActiveCfg = Debug|Any CPU
		{B3380414-5C2E-42EF-B1C1-3C6984D3C9DB}.Debug|Any CPU.Build.0 = Debug|Any CPU
		{B3380414-5C2E-42EF-B1C1-3C6984D3C9DB}.Release|Any CPU.ActiveCfg = Release|Any CPU
		{B3380414-5C2E-42EF-B1C1-3C6984D3C9DB}.Release|Any CPU.Build.0 = Release|Any CPU
		{174256F8-344F-4B3F-8C30-1FE65635F76D}.Debug|Any CPU.ActiveCfg = Debug|Any CPU
		{174256F8-344F-4B3F-8C30-1FE65635F76D}.Debug|Any CPU.Build.0 = Debug|Any CPU
		{174256F8-344F-4B3F-8C30-1FE65635F76D}.Release|Any CPU.ActiveCfg = Release|Any CPU
		{174256F8-344F-4B3F-8C30-1FE65635F76D}.Release|Any CPU.Build.0 = Release|Any CPU
		{AEA34791-1B13-4D03-8749-D2548F932699}.Debug|Any CPU.ActiveCfg = Debug|Any CPU
		{AEA34791-1B13-4D03-8749-D2548F932699}.Debug|Any CPU.Build.0 = Debug|Any CPU
		{AEA34791-1B13-4D03-8749-D2548F932699}.Release|Any CPU.ActiveCfg = Release|Any CPU
		{AEA34791-1B13-4D03-8749-D2548F932699}.Release|Any CPU.Build.0 = Release|Any CPU
		{B8D38143-D53B-49B3-822C-7D59A5443CA0}.Debug|Any CPU.ActiveCfg = Debug|Any CPU
		{B8D38143-D53B-49B3-822C-7D59A5443CA0}.Debug|Any CPU.Build.0 = Debug|Any CPU
		{B8D38143-D53B-49B3-822C-7D59A5443CA0}.Release|Any CPU.ActiveCfg = Release|Any CPU
		{B8D38143-D53B-49B3-822C-7D59A5443CA0}.Release|Any CPU.Build.0 = Release|Any CPU
		{904B4262-3FF2-4CE6-A770-F26BDE8F92AE}.Debug|Any CPU.ActiveCfg = Debug|Any CPU
		{904B4262-3FF2-4CE6-A770-F26BDE8F92AE}.Debug|Any CPU.Build.0 = Debug|Any CPU
		{904B4262-3FF2-4CE6-A770-F26BDE8F92AE}.Release|Any CPU.ActiveCfg = Release|Any CPU
		{904B4262-3FF2-4CE6-A770-F26BDE8F92AE}.Release|Any CPU.Build.0 = Release|Any CPU
		{706727DB-A8C2-4D04-920E-9652B2304923}.Debug|Any CPU.ActiveCfg = Debug|Any CPU
		{706727DB-A8C2-4D04-920E-9652B2304923}.Debug|Any CPU.Build.0 = Debug|Any CPU
		{706727DB-A8C2-4D04-920E-9652B2304923}.Release|Any CPU.ActiveCfg = Release|Any CPU
		{706727DB-A8C2-4D04-920E-9652B2304923}.Release|Any CPU.Build.0 = Release|Any CPU
		{954A29D5-AC4F-4D68-AF6C-A910D97F1BF8}.Debug|Any CPU.ActiveCfg = Debug|Any CPU
		{954A29D5-AC4F-4D68-AF6C-A910D97F1BF8}.Debug|Any CPU.Build.0 = Debug|Any CPU
		{954A29D5-AC4F-4D68-AF6C-A910D97F1BF8}.Release|Any CPU.ActiveCfg = Release|Any CPU
		{954A29D5-AC4F-4D68-AF6C-A910D97F1BF8}.Release|Any CPU.Build.0 = Release|Any CPU
		{B6FEF6D9-1656-4391-94E9-F6275FBCF96C}.Debug|Any CPU.ActiveCfg = Debug|Any CPU
		{B6FEF6D9-1656-4391-94E9-F6275FBCF96C}.Debug|Any CPU.Build.0 = Debug|Any CPU
		{B6FEF6D9-1656-4391-94E9-F6275FBCF96C}.Release|Any CPU.ActiveCfg = Release|Any CPU
		{B6FEF6D9-1656-4391-94E9-F6275FBCF96C}.Release|Any CPU.Build.0 = Release|Any CPU
		{8A37518D-5CB7-4E74-B12E-A329008090A3}.Debug|Any CPU.ActiveCfg = Debug|Any CPU
		{8A37518D-5CB7-4E74-B12E-A329008090A3}.Debug|Any CPU.Build.0 = Debug|Any CPU
		{8A37518D-5CB7-4E74-B12E-A329008090A3}.Release|Any CPU.ActiveCfg = Release|Any CPU
		{8A37518D-5CB7-4E74-B12E-A329008090A3}.Release|Any CPU.Build.0 = Release|Any CPU
		{C36B3280-96EE-49FE-A944-9540BEFF3119}.Debug|Any CPU.ActiveCfg = Debug|Any CPU
		{C36B3280-96EE-49FE-A944-9540BEFF3119}.Debug|Any CPU.Build.0 = Debug|Any CPU
		{C36B3280-96EE-49FE-A944-9540BEFF3119}.Release|Any CPU.ActiveCfg = Release|Any CPU
		{C36B3280-96EE-49FE-A944-9540BEFF3119}.Release|Any CPU.Build.0 = Release|Any CPU
		{A9996291-23A8-472D-B12A-C982966D503C}.Debug|Any CPU.ActiveCfg = Debug|Any CPU
		{A9996291-23A8-472D-B12A-C982966D503C}.Debug|Any CPU.Build.0 = Debug|Any CPU
		{A9996291-23A8-472D-B12A-C982966D503C}.Release|Any CPU.ActiveCfg = Release|Any CPU
		{A9996291-23A8-472D-B12A-C982966D503C}.Release|Any CPU.Build.0 = Release|Any CPU
		{49ED98CB-793D-430C-A85A-A71D86911D17}.Debug|Any CPU.ActiveCfg = Debug|Any CPU
		{49ED98CB-793D-430C-A85A-A71D86911D17}.Debug|Any CPU.Build.0 = Debug|Any CPU
		{49ED98CB-793D-430C-A85A-A71D86911D17}.Release|Any CPU.ActiveCfg = Release|Any CPU
		{49ED98CB-793D-430C-A85A-A71D86911D17}.Release|Any CPU.Build.0 = Release|Any CPU
	EndGlobalSection
	GlobalSection(SolutionProperties) = preSolution
		HideSolutionNode = FALSE
	EndGlobalSection
	GlobalSection(ExtensibilityGlobals) = postSolution
		SolutionGuid = {6ABA8368-6527-43D5-9131-8E603853F6CE}
	EndGlobalSection
EndGlobal
